
Microsoft Visual Studio Solution File, Format Version 12.00
# Visual Studio Version 17
VisualStudioVersion = 17.1.32421.90
MinimumVisualStudioVersion = 10.0.40219.1
Project("{FAE04EC0-301F-11D3-BF4B-00C04F79EFBC}") = "TestConsole", "TestConsole\TestConsole.csproj", "{10A52D0E-BCD1-4212-913E-65BD1578F361}"
EndProject
Project("{FAE04EC0-301F-11D3-BF4B-00C04F79EFBC}") = "ViewModels", "ViewModels\ViewModels.csproj", "{FBB08AD1-7EFC-4CE3-B100-79AE678942C3}"
EndProject
Global
	GlobalSection(SolutionConfigurationPlatforms) = preSolution
		Debug|Any CPU = Debug|Any CPU
		Release|Any CPU = Release|Any CPU
	EndGlobalSection
	GlobalSection(ProjectConfigurationPlatforms) = postSolution
		{10A52D0E-BCD1-4212-913E-65BD1578F361}.Debug|Any CPU.ActiveCfg = Debug|Any CPU
		{10A52D0E-BCD1-4212-913E-65BD1578F361}.Debug|Any CPU.Build.0 = Debug|Any CPU
		{10A52D0E-BCD1-4212-913E-65BD1578F361}.Release|Any CPU.ActiveCfg = Release|Any CPU
		{10A52D0E-BCD1-4212-913E-65BD1578F361}.Release|Any CPU.Build.0 = Release|Any CPU
		{FBB08AD1-7EFC-4CE3-B100-79AE678942C3}.Debug|Any CPU.ActiveCfg = Debug|Any CPU
		{FBB08AD1-7EFC-4CE3-B100-79AE678942C3}.Debug|Any CPU.Build.0 = Debug|Any CPU
		{FBB08AD1-7EFC-4CE3-B100-79AE678942C3}.Release|Any CPU.ActiveCfg = Release|Any CPU
		{FBB08AD1-7EFC-4CE3-B100-79AE678942C3}.Release|Any CPU.Build.0 = Release|Any CPU
	EndGlobalSection
	GlobalSection(SolutionProperties) = preSolution
		HideSolutionNode = FALSE
	EndGlobalSection
	GlobalSection(ExtensibilityGlobals) = postSolution
		SolutionGuid = {772DCEA4-1250-42FF-93BB-7EA1E0DA25A1}
	EndGlobalSection
EndGlobal
